
Microsoft Visual Studio Solution File, Format Version 12.00
# Visual Studio Version 17
VisualStudioVersion = 17.12.35527.113 d17.12
MinimumVisualStudioVersion = 10.0.40219.1
Project("{FAE04EC0-301F-11D3-BF4B-00C04F79EFBC}") = "HMA_Addin", "HMA_Addin\HMA_Addin.csproj", "{D7DA73C8-2643-45B3-8396-319DFCF18CF6}"
EndProject
Global
	GlobalSection(SolutionConfigurationPlatforms) = preSolution
		Debug|Any CPU = Debug|Any CPU
		Release|Any CPU = Release|Any CPU
	EndGlobalSection
	GlobalSection(ProjectConfigurationPlatforms) = postSolution
		{D7DA73C8-2643-45B3-8396-319DFCF18CF6}.Debug|Any CPU.ActiveCfg = Debug|Any CPU
		{D7DA73C8-2643-45B3-8396-319DFCF18CF6}.Debug|Any CPU.Build.0 = Debug|Any CPU
		{D7DA73C8-2643-45B3-8396-319DFCF18CF6}.Release|Any CPU.ActiveCfg = Release|Any CPU
		{D7DA73C8-2643-45B3-8396-319DFCF18CF6}.Release|Any CPU.Build.0 = Release|Any CPU
	EndGlobalSection
	GlobalSection(SolutionProperties) = preSolution
		HideSolutionNode = FALSE
	EndGlobalSection
EndGlobal
